
Microsoft Visual Studio Solution File, Format Version 12.00
# Visual Studio 15
VisualStudioVersion = 15.0.27428.2043
MinimumVisualStudioVersion = 10.0.40219.1
Project("{FAE04EC0-301F-11D3-BF4B-00C04F79EFBC}") = "DebugDemo", "DebugDemo\DebugDemo.csproj", "{136573DB-66F7-4C0F-8021-4543F79282CE}"
EndProject
Project("{FAE04EC0-301F-11D3-BF4B-00C04F79EFBC}") = "Variabler", "Variabler\Variabler.csproj", "{B140CE42-A9AB-4F39-A698-F89AFAB03EAD}"
EndProject
Project("{FAE04EC0-301F-11D3-BF4B-00C04F79EFBC}") = "StackHeap", "StackHeap\StackHeap.csproj", "{2AB69ACA-39F7-4B4C-B293-46DAC64F4EB7}"
EndProject
Project("{FAE04EC0-301F-11D3-BF4B-00C04F79EFBC}") = "RefVariabler", "RefVariabler\RefVariabler.csproj", "{C2AA724B-44B7-4010-957F-038F1A83B1F1}"
EndProject
Project("{FAE04EC0-301F-11D3-BF4B-00C04F79EFBC}") = "Metoder", "Metoder\Metoder.csproj", "{F0BCCC4F-BFA6-4653-885F-751824CDEB18}"
EndProject
Global
	GlobalSection(SolutionConfigurationPlatforms) = preSolution
		Debug|Any CPU = Debug|Any CPU
		Release|Any CPU = Release|Any CPU
	EndGlobalSection
	GlobalSection(ProjectConfigurationPlatforms) = postSolution
		{136573DB-66F7-4C0F-8021-4543F79282CE}.Debug|Any CPU.ActiveCfg = Debug|Any CPU
		{136573DB-66F7-4C0F-8021-4543F79282CE}.Debug|Any CPU.Build.0 = Debug|Any CPU
		{136573DB-66F7-4C0F-8021-4543F79282CE}.Release|Any CPU.ActiveCfg = Release|Any CPU
		{136573DB-66F7-4C0F-8021-4543F79282CE}.Release|Any CPU.Build.0 = Release|Any CPU
		{B140CE42-A9AB-4F39-A698-F89AFAB03EAD}.Debug|Any CPU.ActiveCfg = Debug|Any CPU
		{B140CE42-A9AB-4F39-A698-F89AFAB03EAD}.Debug|Any CPU.Build.0 = Debug|Any CPU
		{B140CE42-A9AB-4F39-A698-F89AFAB03EAD}.Release|Any CPU.ActiveCfg = Release|Any CPU
		{B140CE42-A9AB-4F39-A698-F89AFAB03EAD}.Release|Any CPU.Build.0 = Release|Any CPU
		{2AB69ACA-39F7-4B4C-B293-46DAC64F4EB7}.Debug|Any CPU.ActiveCfg = Debug|Any CPU
		{2AB69ACA-39F7-4B4C-B293-46DAC64F4EB7}.Debug|Any CPU.Build.0 = Debug|Any CPU
		{2AB69ACA-39F7-4B4C-B293-46DAC64F4EB7}.Release|Any CPU.ActiveCfg = Release|Any CPU
		{2AB69ACA-39F7-4B4C-B293-46DAC64F4EB7}.Release|Any CPU.Build.0 = Release|Any CPU
		{C2AA724B-44B7-4010-957F-038F1A83B1F1}.Debug|Any CPU.ActiveCfg = Debug|Any CPU
		{C2AA724B-44B7-4010-957F-038F1A83B1F1}.Debug|Any CPU.Build.0 = Debug|Any CPU
		{C2AA724B-44B7-4010-957F-038F1A83B1F1}.Release|Any CPU.ActiveCfg = Release|Any CPU
		{C2AA724B-44B7-4010-957F-038F1A83B1F1}.Release|Any CPU.Build.0 = Release|Any CPU
		{F0BCCC4F-BFA6-4653-885F-751824CDEB18}.Debug|Any CPU.ActiveCfg = Debug|Any CPU
		{F0BCCC4F-BFA6-4653-885F-751824CDEB18}.Debug|Any CPU.Build.0 = Debug|Any CPU
		{F0BCCC4F-BFA6-4653-885F-751824CDEB18}.Release|Any CPU.ActiveCfg = Release|Any CPU
		{F0BCCC4F-BFA6-4653-885F-751824CDEB18}.Release|Any CPU.Build.0 = Release|Any CPU
	EndGlobalSection
	GlobalSection(SolutionProperties) = preSolution
		HideSolutionNode = FALSE
	EndGlobalSection
	GlobalSection(ExtensibilityGlobals) = postSolution
		SolutionGuid = {E63D3844-C0D9-4BDC-ACE6-5802021C6E6C}
	EndGlobalSection
EndGlobal
